// !$*UTF8*$!
{
	archiveVersion = 1;
	classes = {
	};
	objectVersion = 46;
	objects = {

/* Begin PBXBuildFile section */
		410DFEB4212EFFFE001D6187 /* AppDelegate.swift in Sources */ = {isa = PBXBuildFile; fileRef = 410DFEB3212EFFFE001D6187 /* AppDelegate.swift */; };
		410DFEB6212EFFFE001D6187 /* ViewController.swift in Sources */ = {isa = PBXBuildFile; fileRef = 410DFEB5212EFFFE001D6187 /* ViewController.swift */; };
		410DFEB9212EFFFE001D6187 /* Main.storyboard in Resources */ = {isa = PBXBuildFile; fileRef = 410DFEB7212EFFFE001D6187 /* Main.storyboard */; };
		410DFEBB212EFFFE001D6187 /* Assets.xcassets in Resources */ = {isa = PBXBuildFile; fileRef = 410DFEBA212EFFFE001D6187 /* Assets.xcassets */; };
		410DFEBE212EFFFE001D6187 /* LaunchScreen.storyboard in Resources */ = {isa = PBXBuildFile; fileRef = 410DFEBC212EFFFE001D6187 /* LaunchScreen.storyboard */; };
		410DFEC6212F00B8001D6187 /* .gitignore in Resources */ = {isa = PBXBuildFile; fileRef = 410DFEC5212F00B8001D6187 /* .gitignore */; };
/* End PBXBuildFile section */

/* Begin PBXFileReference section */
		410DFEB0212EFFFE001D6187 /* GitDemo.app */ = {isa = PBXFileReference; explicitFileType = wrapper.application; includeInIndex = 0; path = GitDemo.app; sourceTree = BUILT_PRODUCTS_DIR; };
		410DFEB3212EFFFE001D6187 /* AppDelegate.swift */ = {isa = PBXFileReference; lastKnownFileType = sourcecode.swift; path = AppDelegate.swift; sourceTree = "<group>"; };
		410DFEB5212EFFFE001D6187 /* ViewController.swift */ = {isa = PBXFileReference; lastKnownFileType = sourcecode.swift; path = ViewController.swift; sourceTree = "<group>"; };
		410DFEB8212EFFFE001D6187 /* Base */ = {isa = PBXFileReference; lastKnownFileType = file.storyboard; name = Base; path = Base.lproj/Main.storyboard; sourceTree = "<group>"; };
		410DFEBA212EFFFE001D6187 /* Assets.xcassets */ = {isa = PBXFileReference; lastKnownFileType = folder.assetcatalog; path = Assets.xcassets; sourceTree = "<group>"; };
		410DFEBD212EFFFE001D6187 /* Base */ = {isa = PBXFileReference; lastKnownFileType = file.storyboard; name = Base; path = Base.lproj/LaunchScreen.storyboard; sourceTree = "<group>"; };
		410DFEBF212EFFFE001D6187 /* Info.plist */ = {isa = PBXFileReference; lastKnownFileType = text.plist.xml; path = Info.plist; sourceTree = "<group>"; };
		410DFEC5212F00B8001D6187 /* .gitignore */ = {isa = PBXFileReference; fileEncoding = 4; lastKnownFileType = text; path = .gitignore; sourceTree = "<group>"; };
/* End PBXFileReference section */

/* Begin PBXFrameworksBuildPhase section */
		410DFEAD212EFFFE001D6187 /* Frameworks */ = {
			isa = PBXFrameworksBuildPhase;
			buildActionMask = 2147483647;
			files = (
			);
			runOnlyForDeploymentPostprocessing = 0;
		};
/* End PBXFrameworksBuildPhase section */

/* Begin PBXGroup section */
		410DFEA7212EFFFE001D6187 = {
			isa = PBXGroup;
			children = (
				410DFEC5212F00B8001D6187 /* .gitignore */,
				410DFEB2212EFFFE001D6187 /* GitDemo */,
				410DFEB1212EFFFE001D6187 /* Products */,
			);
			sourceTree = "<group>";
		};
		410DFEB1212EFFFE001D6187 /* Products */ = {
			isa = PBXGroup;
			children = (
				410DFEB0212EFFFE001D6187 /* GitDemo.app */,
			);
			name = Products;
			sourceTree = "<group>";
		};
		410DFEB2212EFFFE001D6187 /* GitDemo */ = {
			isa = PBXGroup;
			children = (
				410DFEB3212EFFFE001D6187 /* AppDelegate.swift */,
				410DFEB5212EFFFE001D6187 /* ViewController.swift */,
				410DFEB7212EFFFE001D6187 /* Main.storyboard */,
				410DFEBA212EFFFE001D6187 /* Assets.xcassets */,
				410DFEBC212EFFFE001D6187 /* LaunchScreen.storyboard */,
				410DFEBF212EFFFE001D6187 /* Info.plist */,
			);
			path = GitDemo;
			sourceTree = "<group>";
		};
/* End PBXGroup section */

/* Begin PBXNativeTarget section */
		410DFEAF212EFFFE001D6187 /* GitDemo */ = {
			isa = PBXNativeTarget;
			buildConfigurationList = 410DFEC2212EFFFE001D6187 /* Build configuration list for PBXNativeTarget "GitDemo" */;
			buildPhases = (
				410DFEAC212EFFFE001D6187 /* Sources */,
				410DFEAD212EFFFE001D6187 /* Frameworks */,
				410DFEAE212EFFFE001D6187 /* Resources */,
			);
			buildRules = (
			);
			dependencies = (
			);
			name = GitDemo;
			productName = GitDemo;
			productReference = 410DFEB0212EFFFE001D6187 /* GitDemo.app */;
			productType = "com.apple.product-type.application";
		};
/* End PBXNativeTarget section */

/* Begin PBXProject section */
		410DFEA8212EFFFE001D6187 /* Project object */ = {
			isa = PBXProject;
			attributes = {
				LastSwiftUpdateCheck = 0730;
				LastUpgradeCheck = 0730;
				ORGANIZATIONNAME = kropputanatomer;
				TargetAttributes = {
					410DFEAF212EFFFE001D6187 = {
						CreatedOnToolsVersion = 7.3;
					};
				};
			};
			buildConfigurationList = 410DFEAB212EFFFE001D6187 /* Build configuration list for PBXProject "GitDemo" */;
			compatibilityVersion = "Xcode 3.2";
			developmentRegion = English;
			hasScannedForEncodings = 0;
			knownRegions = (
				en,
				Base,
			);
			mainGroup = 410DFEA7212EFFFE001D6187;
			productRefGroup = 410DFEB1212EFFFE001D6187 /* Products */;
			projectDirPath = "";
			projectRoot = "";
			targets = (
				410DFEAF212EFFFE001D6187 /* GitDemo */,
			);
		};
/* End PBXProject section */

/* Begin PBXResourcesBuildPhase section */
		410DFEAE212EFFFE001D6187 /* Resources */ = {
			isa = PBXResourcesBuildPhase;
			buildActionMask = 2147483647;
			files = (
				410DFEC6212F00B8001D6187 /* .gitignore in Resources */,
				410DFEBE212EFFFE001D6187 /* LaunchScreen.storyboard in Resources */,
				410DFEBB212EFFFE001D6187 /* Assets.xcassets in Resources */,
				410DFEB9212EFFFE001D6187 /* Main.storyboard in Resources */,
			);
			runOnlyForDeploymentPostprocessing = 0;
		};
/* End PBXResourcesBuildPhase section */

/* Begin PBXSourcesBuildPhase section */
		410DFEAC212EFFFE001D6187 /* Sources */ = {
			isa = PBXSourcesBuildPhase;
			buildActionMask = 2147483647;
			files = (
				410DFEB6212EFFFE001D6187 /* ViewController.swift in Sources */,
				410DFEB4212EFFFE001D6187 /* AppDelegate.swift in Sources */,
			);
			runOnlyForDeploymentPostprocessing = 0;
		};
/* End PBXSourcesBuildPhase section */

/* Begin PBXVariantGroup section */
		410DFEB7212EFFFE001D6187 /* Main.storyboard */ = {
			isa = PBXVariantGroup;
			children = (
				410DFEB8212EFFFE001D6187 /* Base */,
			);
			name = Main.storyboard;
			sourceTree = "<group>";
		};
		410DFEBC212EFFFE001D6187 /* LaunchScreen.storyboard */ = {
			isa = PBXVariantGroup;
			children = (
				410DFEBD212EFFFE001D6187 /* Base */,
			);
			name = LaunchScreen.storyboard;
			sourceTree = "<group>";
		};
/* End PBXVariantGroup section */

/* Begin XCBuildConfiguration section */
		410DFEC0212EFFFE001D6187 /* Debug */ = {
			isa = XCBuildConfiguration;
			buildSettings = {
				ALWAYS_SEARCH_USER_PATHS = NO;
				CLANG_ANALYZER_NONNULL = YES;
				CLANG_CXX_LANGUAGE_STANDARD = "gnu++0x";
				CLANG_CXX_LIBRARY = "libc++";
				CLANG_ENABLE_MODULES = YES;
				CLANG_ENABLE_OBJC_ARC = YES;
				CLANG_WARN_BOOL_CONVERSION = YES;
				CLANG_WARN_CONSTANT_CONVERSION = YES;
				CLANG_WARN_DIRECT_OBJC_ISA_USAGE = YES_ERROR;
				CLANG_WARN_EMPTY_BODY = YES;
				CLANG_WARN_ENUM_CONVERSION = YES;
				CLANG_WARN_INT_CONVERSION = YES;
				CLANG_WARN_OBJC_ROOT_CLASS = YES_ERROR;
				CLANG_WARN_UNREACHABLE_CODE = YES;
				CLANG_WARN__DUPLICATE_METHOD_MATCH = YES;
				"CODE_SIGN_IDENTITY[sdk=iphoneos*]" = "iPhone Developer";
				COPY_PHASE_STRIP = NO;
				DEBUG_INFORMATION_FORMAT = dwarf;
				ENABLE_STRICT_OBJC_MSGSEND = YES;
				ENABLE_TESTABILITY = YES;
				GCC_C_LANGUAGE_STANDARD = gnu99;
				GCC_DYNAMIC_NO_PIC = NO;
				GCC_NO_COMMON_BLOCKS = YES;
				GCC_OPTIMIZATION_LEVEL = 0;
				GCC_PREPROCESSOR_DEFINITIONS = (
					"DEBUG=1",
					"$(inherited)",
				);
				GCC_WARN_64_TO_32_BIT_CONVERSION = YES;
				GCC_WARN_ABOUT_RETURN_TYPE = YES_ERROR;
				GCC_WARN_UNDECLARED_SELECTOR = YES;
				GCC_WARN_UNINITIALIZED_AUTOS = YES_AGGRESSIVE;
				GCC_WARN_UNUSED_FUNCTION = YES;
				GCC_WARN_UNUSED_VARIABLE = YES;
				IPHONEOS_DEPLOYMENT_TARGET = 9.3;
				MTL_ENABLE_DEBUG_INFO = YES;
				ONLY_ACTIVE_ARCH = YES;
				SDKROOT = iphoneos;
				SWIFT_OPTIMIZATION_LEVEL = "-Onone";
				TARGETED_DEVICE_FAMILY = "1,2";
			};
			name = Debug;
		};
		410DFEC1212EFFFE001D6187 /* Release */ = {
			isa = XCBuildConfiguration;
			buildSettings = {
				ALWAYS_SEARCH_USER_PATHS = NO;
				CLANG_ANALYZER_NONNULL = YES;
				CLANG_CXX_LANGUAGE_STANDARD = "gnu++0x";
				CLANG_CXX_LIBRARY = "libc++";
				CLANG_ENABLE_MODULES = YES;
				CLANG_ENABLE_OBJC_ARC = YES;
				CLANG_WARN_BOOL_CONVERSION = YES;
				CLANG_WARN_CONSTANT_CONVERSION = YES;
				CLANG_WARN_DIRECT_OBJC_ISA_USAGE = YES_ERROR;
				CLANG_WARN_EMPTY_BODY = YES;
				CLANG_WARN_ENUM_CONVERSION = YES;
				CLANG_WARN_INT_CONVERSION = YES;
				CLANG_WARN_OBJC_ROOT_CLASS = YES_ERROR;
				CLANG_WARN_UNREACHABLE_CODE = YES;
				CLANG_WARN__DUPLICATE_METHOD_MATCH = YES;
				"CODE_SIGN_IDENTITY[sdk=iphoneos*]" = "iPhone Developer";
				COPY_PHASE_STRIP = NO;
				DEBUG_INFORMATION_FORMAT = "dwarf-with-dsym";
				ENABLE_NS_ASSERTIONS = NO;
				ENABLE_STRICT_OBJC_MSGSEND = YES;
				GCC_C_LANGUAGE_STANDARD = gnu99;
				GCC_NO_COMMON_BLOCKS = YES;
				GCC_WARN_64_TO_32_BIT_CONVERSION = YES;
				GCC_WARN_ABOUT_RETURN_TYPE = YES_ERROR;
				GCC_WARN_UNDECLARED_SELECTOR = YES;
				GCC_WARN_UNINITIALIZED_AUTOS = YES_AGGRESSIVE;
				GCC_WARN_UNUSED_FUNCTION = YES;
				GCC_WARN_UNUSED_VARIABLE = YES;
				IPHONEOS_DEPLOYMENT_TARGET = 9.3;
				MTL_ENABLE_DEBUG_INFO = NO;
				SDKROOT = iphoneos;
				TARGETED_DEVICE_FAMILY = "1,2";
				VALIDATE_PRODUCT = YES;
			};
			name = Release;
		};
		410DFEC3212EFFFE001D6187 /* Debug */ = {
			isa = XCBuildConfiguration;
			buildSettings = {
				ASSETCATALOG_COMPILER_APPICON_NAME = AppIcon;
				INFOPLIST_FILE = GitDemo/Info.plist;
				LD_RUNPATH_SEARCH_PATHS = "$(inherited) @executable_path/Frameworks";
				PRODUCT_BUNDLE_IDENTIFIER = f.GitDemo;
				PRODUCT_NAME = "$(TARGET_NAME)";
			};
			name = Debug;
		};
		410DFEC4212EFFFE001D6187 /* Release */ = {
			isa = XCBuildConfiguration;
			buildSettings = {
				ASSETCATALOG_COMPILER_APPICON_NAME = AppIcon;
				INFOPLIST_FILE = GitDemo/Info.plist;
				LD_RUNPATH_SEARCH_PATHS = "$(inherited) @executable_path/Frameworks";
				PRODUCT_BUNDLE_IDENTIFIER = f.GitDemo;
				PRODUCT_NAME = "$(TARGET_NAME)";
			};
			name = Release;
		};
/* End XCBuildConfiguration section */

/* Begin XCConfigurationList section */
		410DFEAB212EFFFE001D6187 /* Build configuration list for PBXProject "GitDemo" */ = {
			isa = XCConfigurationList;
			buildConfigurations = (
				410DFEC0212EFFFE001D6187 /* Debug */,
				410DFEC1212EFFFE001D6187 /* Release */,
			);
			defaultConfigurationIsVisible = 0;
			defaultConfigurationName = Release;
		};
		410DFEC2212EFFFE001D6187 /* Build configuration list for PBXNativeTarget "GitDemo" */ = {
			isa = XCConfigurationList;
			buildConfigurations = (
				410DFEC3212EFFFE001D6187 /* Debug */,
				410DFEC4212EFFFE001D6187 /* Release */,
			);
			defaultConfigurationIsVisible = 0;
		};
/* End XCConfigurationList section */
	};
	rootObject = 410DFEA8212EFFFE001D6187 /* Project object */;
}
